
Microsoft Visual Studio Solution File, Format Version 12.00
# Visual Studio Version 17
VisualStudioVersion = 17.4.33122.133
MinimumVisualStudioVersion = 10.0.40219.1
Project("{9A19103F-16F7-4668-BE54-9A1E7A4F7556}") = "Exercice01", "Exercice1\Exercice01.csproj", "{9882A393-D990-40AE-8119-6986731BAC83}"
EndProject
Project("{9A19103F-16F7-4668-BE54-9A1E7A4F7556}") = "Exercice02", "Exercice2\Exercice02.csproj", "{D2670426-1D7E-47DB-9E15-E0D629B3672A}"
EndProject
Project("{9A19103F-16F7-4668-BE54-9A1E7A4F7556}") = "Exercice03", "Exercice3\Exercice03.csproj", "{9DD6C712-CA6C-48CB-BEEA-C93AD88E24C9}"
EndProject
Project("{9A19103F-16F7-4668-BE54-9A1E7A4F7556}") = "Exercice04", "Exercice4\Exercice04.csproj", "{6AB2E910-5ADD-4827-A98D-8305E42710F7}"
EndProject
Project("{9A19103F-16F7-4668-BE54-9A1E7A4F7556}") = "Exercice05", "Exercice5\Exercice05.csproj", "{B9924B78-5E01-4E99-873A-730F4ED7D24A}"
EndProject
Project("{9A19103F-16F7-4668-BE54-9A1E7A4F7556}") = "Exercice06", "Exercice6\Exercice06.csproj", "{8FD6E081-D344-4FB3-A207-B01809A70609}"
EndProject
Project("{9A19103F-16F7-4668-BE54-9A1E7A4F7556}") = "Exercice07", "Exercice7\Exercice07.csproj", "{4B50C466-E21D-4ED1-87BA-50E25D550030}"
EndProject
Project("{9A19103F-16F7-4668-BE54-9A1E7A4F7556}") = "Exercice08", "Exercice8\Exercice08.csproj", "{254E817B-552E-4E76-A44A-060969832BC1}"
EndProject
Project("{9A19103F-16F7-4668-BE54-9A1E7A4F7556}") = "Exercice08_1", "Exercice8_1\Exercice08_1.csproj", "{A0C5D2F9-0DC5-44F7-9D18-E09E076498A0}"
EndProject
Project("{9A19103F-16F7-4668-BE54-9A1E7A4F7556}") = "Exercice08_2", "Exercice8_2\Exercice08_2.csproj", "{6E1056D9-73F6-421E-9930-0DB9277B129F}"
EndProject
Project("{9A19103F-16F7-4668-BE54-9A1E7A4F7556}") = "Exercice09", "Exercice9\Exercice09.csproj", "{28AEF9F7-6665-48F1-9695-B406CA007349}"
EndProject
Project("{9A19103F-16F7-4668-BE54-9A1E7A4F7556}") = "Exercice10", "Exercice10\Exercice10.csproj", "{B6E366B3-69B9-4662-BAFA-D74A70BBF494}"
EndProject
Project("{9A19103F-16F7-4668-BE54-9A1E7A4F7556}") = "Exercice11", "Exercice11\Exercice11.csproj", "{815B62B3-2A72-4626-B077-74E6E205F30D}"
EndProject
Project("{9A19103F-16F7-4668-BE54-9A1E7A4F7556}") = "Exercice11_1", "Exercice11_1\Exercice11_1.csproj", "{1203F611-F913-4FCA-9FD7-24D9FCBF3DD4}"
EndProject
Project("{9A19103F-16F7-4668-BE54-9A1E7A4F7556}") = "Exercice12", "Exercice12\Exercice12.csproj", "{910E2771-141E-4E62-8A8A-0AE5429D6019}"
EndProject
Project("{9A19103F-16F7-4668-BE54-9A1E7A4F7556}") = "Exercice13", "Exercice13\Exercice13.csproj", "{A2F209DE-8ADC-4CD8-B8BA-4E6ADD5CB136}"
EndProject
Project("{9A19103F-16F7-4668-BE54-9A1E7A4F7556}") = "Exercice14", "Exercice14\Exercice14.csproj", "{B0334036-6E3E-4122-AE28-BED483EA2594}"
EndProject
Project("{FAE04EC0-301F-11D3-BF4B-00C04F79EFBC}") = "Exercice07_1", "Exercice07_1\Exercice07_1.csproj", "{D7F621ED-3389-446C-AD41-FAA8269BC771}"
EndProject
Global
	GlobalSection(SolutionConfigurationPlatforms) = preSolution
		Debug|Any CPU = Debug|Any CPU
		Release|Any CPU = Release|Any CPU
	EndGlobalSection
	GlobalSection(ProjectConfigurationPlatforms) = postSolution
		{9882A393-D990-40AE-8119-6986731BAC83}.Debug|Any CPU.ActiveCfg = Debug|Any CPU
		{9882A393-D990-40AE-8119-6986731BAC83}.Debug|Any CPU.Build.0 = Debug|Any CPU
		{9882A393-D990-40AE-8119-6986731BAC83}.Release|Any CPU.ActiveCfg = Release|Any CPU
		{9882A393-D990-40AE-8119-6986731BAC83}.Release|Any CPU.Build.0 = Release|Any CPU
		{D2670426-1D7E-47DB-9E15-E0D629B3672A}.Debug|Any CPU.ActiveCfg = Debug|Any CPU
		{D2670426-1D7E-47DB-9E15-E0D629B3672A}.Debug|Any CPU.Build.0 = Debug|Any CPU
		{D2670426-1D7E-47DB-9E15-E0D629B3672A}.Release|Any CPU.ActiveCfg = Release|Any CPU
		{D2670426-1D7E-47DB-9E15-E0D629B3672A}.Release|Any CPU.Build.0 = Release|Any CPU
		{9DD6C712-CA6C-48CB-BEEA-C93AD88E24C9}.Debug|Any CPU.ActiveCfg = Debug|Any CPU
		{9DD6C712-CA6C-48CB-BEEA-C93AD88E24C9}.Debug|Any CPU.Build.0 = Debug|Any CPU
		{9DD6C712-CA6C-48CB-BEEA-C93AD88E24C9}.Release|Any CPU.ActiveCfg = Release|Any CPU
		{9DD6C712-CA6C-48CB-BEEA-C93AD88E24C9}.Release|Any CPU.Build.0 = Release|Any CPU
		{6AB2E910-5ADD-4827-A98D-8305E42710F7}.Debug|Any CPU.ActiveCfg = Debug|Any CPU
		{6AB2E910-5ADD-4827-A98D-8305E42710F7}.Debug|Any CPU.Build.0 = Debug|Any CPU
		{6AB2E910-5ADD-4827-A98D-8305E42710F7}.Release|Any CPU.ActiveCfg = Release|Any CPU
		{6AB2E910-5ADD-4827-A98D-8305E42710F7}.Release|Any CPU.Build.0 = Release|Any CPU
		{B9924B78-5E01-4E99-873A-730F4ED7D24A}.Debug|Any CPU.ActiveCfg = Debug|Any CPU
		{B9924B78-5E01-4E99-873A-730F4ED7D24A}.Debug|Any CPU.Build.0 = Debug|Any CPU
		{B9924B78-5E01-4E99-873A-730F4ED7D24A}.Release|Any CPU.ActiveCfg = Release|Any CPU
		{B9924B78-5E01-4E99-873A-730F4ED7D24A}.Release|Any CPU.Build.0 = Release|Any CPU
		{8FD6E081-D344-4FB3-A207-B01809A70609}.Debug|Any CPU.ActiveCfg = Debug|Any CPU
		{8FD6E081-D344-4FB3-A207-B01809A70609}.Debug|Any CPU.Build.0 = Debug|Any CPU
		{8FD6E081-D344-4FB3-A207-B01809A70609}.Release|Any CPU.ActiveCfg = Release|Any CPU
		{8FD6E081-D344-4FB3-A207-B01809A70609}.Release|Any CPU.Build.0 = Release|Any CPU
		{4B50C466-E21D-4ED1-87BA-50E25D550030}.Debug|Any CPU.ActiveCfg = Debug|Any CPU
		{4B50C466-E21D-4ED1-87BA-50E25D550030}.Debug|Any CPU.Build.0 = Debug|Any CPU
		{4B50C466-E21D-4ED1-87BA-50E25D550030}.Release|Any CPU.ActiveCfg = Release|Any CPU
		{4B50C466-E21D-4ED1-87BA-50E25D550030}.Release|Any CPU.Build.0 = Release|Any CPU
		{254E817B-552E-4E76-A44A-060969832BC1}.Debug|Any CPU.ActiveCfg = Debug|Any CPU
		{254E817B-552E-4E76-A44A-060969832BC1}.Debug|Any CPU.Build.0 = Debug|Any CPU
		{254E817B-552E-4E76-A44A-060969832BC1}.Release|Any CPU.ActiveCfg = Release|Any CPU
		{254E817B-552E-4E76-A44A-060969832BC1}.Release|Any CPU.Build.0 = Release|Any CPU
		{A0C5D2F9-0DC5-44F7-9D18-E09E076498A0}.Debug|Any CPU.ActiveCfg = Debug|Any CPU
		{A0C5D2F9-0DC5-44F7-9D18-E09E076498A0}.Debug|Any CPU.Build.0 = Debug|Any CPU
		{A0C5D2F9-0DC5-44F7-9D18-E09E076498A0}.Release|Any CPU.ActiveCfg = Release|Any CPU
		{A0C5D2F9-0DC5-44F7-9D18-E09E076498A0}.Release|Any CPU.Build.0 = Release|Any CPU
		{6E1056D9-73F6-421E-9930-0DB9277B129F}.Debug|Any CPU.ActiveCfg = Debug|Any CPU
		{6E1056D9-73F6-421E-9930-0DB9277B129F}.Debug|Any CPU.Build.0 = Debug|Any CPU
		{6E1056D9-73F6-421E-9930-0DB9277B129F}.Release|Any CPU.ActiveCfg = Release|Any CPU
		{6E1056D9-73F6-421E-9930-0DB9277B129F}.Release|Any CPU.Build.0 = Release|Any CPU
		{28AEF9F7-6665-48F1-9695-B406CA007349}.Debug|Any CPU.ActiveCfg = Debug|Any CPU
		{28AEF9F7-6665-48F1-9695-B406CA007349}.Debug|Any CPU.Build.0 = Debug|Any CPU
		{28AEF9F7-6665-48F1-9695-B406CA007349}.Release|Any CPU.ActiveCfg = Release|Any CPU
		{28AEF9F7-6665-48F1-9695-B406CA007349}.Release|Any CPU.Build.0 = Release|Any CPU
		{B6E366B3-69B9-4662-BAFA-D74A70BBF494}.Debug|Any CPU.ActiveCfg = Debug|Any CPU
		{B6E366B3-69B9-4662-BAFA-D74A70BBF494}.Debug|Any CPU.Build.0 = Debug|Any CPU
		{B6E366B3-69B9-4662-BAFA-D74A70BBF494}.Release|Any CPU.ActiveCfg = Release|Any CPU
		{B6E366B3-69B9-4662-BAFA-D74A70BBF494}.Release|Any CPU.Build.0 = Release|Any CPU
		{815B62B3-2A72-4626-B077-74E6E205F30D}.Debug|Any CPU.ActiveCfg = Debug|Any CPU
		{815B62B3-2A72-4626-B077-74E6E205F30D}.Debug|Any CPU.Build.0 = Debug|Any CPU
		{815B62B3-2A72-4626-B077-74E6E205F30D}.Release|Any CPU.ActiveCfg = Release|Any CPU
		{815B62B3-2A72-4626-B077-74E6E205F30D}.Release|Any CPU.Build.0 = Release|Any CPU
		{1203F611-F913-4FCA-9FD7-24D9FCBF3DD4}.Debug|Any CPU.ActiveCfg = Debug|Any CPU
		{1203F611-F913-4FCA-9FD7-24D9FCBF3DD4}.Debug|Any CPU.Build.0 = Debug|Any CPU
		{1203F611-F913-4FCA-9FD7-24D9FCBF3DD4}.Release|Any CPU.ActiveCfg = Release|Any CPU
		{1203F611-F913-4FCA-9FD7-24D9FCBF3DD4}.Release|Any CPU.Build.0 = Release|Any CPU
		{910E2771-141E-4E62-8A8A-0AE5429D6019}.Debug|Any CPU.ActiveCfg = Debug|Any CPU
		{910E2771-141E-4E62-8A8A-0AE5429D6019}.Debug|Any CPU.Build.0 = Debug|Any CPU
		{910E2771-141E-4E62-8A8A-0AE5429D6019}.Release|Any CPU.ActiveCfg = Release|Any CPU
		{910E2771-141E-4E62-8A8A-0AE5429D6019}.Release|Any CPU.Build.0 = Release|Any CPU
		{A2F209DE-8ADC-4CD8-B8BA-4E6ADD5CB136}.Debug|Any CPU.ActiveCfg = Debug|Any CPU
		{A2F209DE-8ADC-4CD8-B8BA-4E6ADD5CB136}.Debug|Any CPU.Build.0 = Debug|Any CPU
		{A2F209DE-8ADC-4CD8-B8BA-4E6ADD5CB136}.Release|Any CPU.ActiveCfg = Release|Any CPU
		{A2F209DE-8ADC-4CD8-B8BA-4E6ADD5CB136}.Release|Any CPU.Build.0 = Release|Any CPU
		{B0334036-6E3E-4122-AE28-BED483EA2594}.Debug|Any CPU.ActiveCfg = Debug|Any CPU
		{B0334036-6E3E-4122-AE28-BED483EA2594}.Debug|Any CPU.Build.0 = Debug|Any CPU
		{B0334036-6E3E-4122-AE28-BED483EA2594}.Release|Any CPU.ActiveCfg = Release|Any CPU
		{B0334036-6E3E-4122-AE28-BED483EA2594}.Release|Any CPU.Build.0 = Release|Any CPU
		{D7F621ED-3389-446C-AD41-FAA8269BC771}.Debug|Any CPU.ActiveCfg = Debug|Any CPU
		{D7F621ED-3389-446C-AD41-FAA8269BC771}.Debug|Any CPU.Build.0 = Debug|Any CPU
		{D7F621ED-3389-446C-AD41-FAA8269BC771}.Release|Any CPU.ActiveCfg = Release|Any CPU
		{D7F621ED-3389-446C-AD41-FAA8269BC771}.Release|Any CPU.Build.0 = Release|Any CPU
	EndGlobalSection
	GlobalSection(SolutionProperties) = preSolution
		HideSolutionNode = FALSE
	EndGlobalSection
	GlobalSection(ExtensibilityGlobals) = postSolution
		SolutionGuid = {18400487-BBE9-4470-872B-343CCBD2D567}
	EndGlobalSection
EndGlobal
